
Microsoft Visual Studio Solution File, Format Version 12.00
# Visual Studio Version 17
VisualStudioVersion = 17.0.31903.59
MinimumVisualStudioVersion = 10.0.40219.1
Project("{FAE04EC0-301F-11D3-BF4B-00C04F79EFBC}") = "Client", "Client\Client.csproj", "{8091EB46-D6F4-4F70-BBFE-D9BEC81207BC}"
EndProject
Project("{FAE04EC0-301F-11D3-BF4B-00C04F79EFBC}") = "Server", "Server\Server.csproj", "{BF559586-9D0A-4F1C-AEDF-86CB59A05D00}"
EndProject
Project("{FAE04EC0-301F-11D3-BF4B-00C04F79EFBC}") = "SharedKernel", "SharedKernel\SharedKernel.csproj", "{F90F766B-0AF8-43D0-91DA-7102F2F75E39}"
EndProject
Global
	GlobalSection(SolutionConfigurationPlatforms) = preSolution
		Debug|Any CPU = Debug|Any CPU
		Release|Any CPU = Release|Any CPU
	EndGlobalSection
	GlobalSection(SolutionProperties) = preSolution
		HideSolutionNode = FALSE
	EndGlobalSection
	GlobalSection(ProjectConfigurationPlatforms) = postSolution
		{8091EB46-D6F4-4F70-BBFE-D9BEC81207BC}.Debug|Any CPU.ActiveCfg = Debug|Any CPU
		{8091EB46-D6F4-4F70-BBFE-D9BEC81207BC}.Debug|Any CPU.Build.0 = Debug|Any CPU
		{8091EB46-D6F4-4F70-BBFE-D9BEC81207BC}.Release|Any CPU.ActiveCfg = Release|Any CPU
		{8091EB46-D6F4-4F70-BBFE-D9BEC81207BC}.Release|Any CPU.Build.0 = Release|Any CPU
		{BF559586-9D0A-4F1C-AEDF-86CB59A05D00}.Debug|Any CPU.ActiveCfg = Debug|Any CPU
		{BF559586-9D0A-4F1C-AEDF-86CB59A05D00}.Debug|Any CPU.Build.0 = Debug|Any CPU
		{BF559586-9D0A-4F1C-AEDF-86CB59A05D00}.Release|Any CPU.ActiveCfg = Release|Any CPU
		{BF559586-9D0A-4F1C-AEDF-86CB59A05D00}.Release|Any CPU.Build.0 = Release|Any CPU
		{F90F766B-0AF8-43D0-91DA-7102F2F75E39}.Debug|Any CPU.ActiveCfg = Debug|Any CPU
		{F90F766B-0AF8-43D0-91DA-7102F2F75E39}.Debug|Any CPU.Build.0 = Debug|Any CPU
		{F90F766B-0AF8-43D0-91DA-7102F2F75E39}.Release|Any CPU.ActiveCfg = Release|Any CPU
		{F90F766B-0AF8-43D0-91DA-7102F2F75E39}.Release|Any CPU.Build.0 = Release|Any CPU
	EndGlobalSection
EndGlobal
