
Microsoft Visual Studio Solution File, Format Version 12.00
# Visual Studio Version 17
VisualStudioVersion = 17.0.31903.59
MinimumVisualStudioVersion = 10.0.40219.1
Project("{FAE04EC0-301F-11D3-BF4B-00C04F79EFBC}") = "GrpcTodo.CLI", "GrpcTodo.CLI\GrpcTodo.CLI.csproj", "{86DA6713-49A5-407E-9057-197E3AD15FD3}"
EndProject
Project("{FAE04EC0-301F-11D3-BF4B-00C04F79EFBC}") = "GrpcTodo.Server", "GrpcTodo.Server\GrpcTodo.Server.csproj", "{2095CA2D-403D-4267-9DCA-1B373CFCD4D8}"
EndProject
Project("{FAE04EC0-301F-11D3-BF4B-00C04F79EFBC}") = "GrpcTodo.SharedKernel", "GrpcTodo.SharedKernel\GrpcTodo.SharedKernel.csproj", "{105950BA-BAE0-451B-AC1C-A57A2BEDBD75}"
EndProject
Global
	GlobalSection(SolutionConfigurationPlatforms) = preSolution
		Debug|Any CPU = Debug|Any CPU
		Release|Any CPU = Release|Any CPU
	EndGlobalSection
	GlobalSection(SolutionProperties) = preSolution
		HideSolutionNode = FALSE
	EndGlobalSection
	GlobalSection(ProjectConfigurationPlatforms) = postSolution
		{86DA6713-49A5-407E-9057-197E3AD15FD3}.Debug|Any CPU.ActiveCfg = Debug|Any CPU
		{86DA6713-49A5-407E-9057-197E3AD15FD3}.Debug|Any CPU.Build.0 = Debug|Any CPU
		{86DA6713-49A5-407E-9057-197E3AD15FD3}.Release|Any CPU.ActiveCfg = Release|Any CPU
		{86DA6713-49A5-407E-9057-197E3AD15FD3}.Release|Any CPU.Build.0 = Release|Any CPU
		{2095CA2D-403D-4267-9DCA-1B373CFCD4D8}.Debug|Any CPU.ActiveCfg = Debug|Any CPU
		{2095CA2D-403D-4267-9DCA-1B373CFCD4D8}.Debug|Any CPU.Build.0 = Debug|Any CPU
		{2095CA2D-403D-4267-9DCA-1B373CFCD4D8}.Release|Any CPU.ActiveCfg = Release|Any CPU
		{2095CA2D-403D-4267-9DCA-1B373CFCD4D8}.Release|Any CPU.Build.0 = Release|Any CPU
		{105950BA-BAE0-451B-AC1C-A57A2BEDBD75}.Debug|Any CPU.ActiveCfg = Debug|Any CPU
		{105950BA-BAE0-451B-AC1C-A57A2BEDBD75}.Debug|Any CPU.Build.0 = Debug|Any CPU
		{105950BA-BAE0-451B-AC1C-A57A2BEDBD75}.Release|Any CPU.ActiveCfg = Release|Any CPU
		{105950BA-BAE0-451B-AC1C-A57A2BEDBD75}.Release|Any CPU.Build.0 = Release|Any CPU
	EndGlobalSection
EndGlobal
